
Microsoft Visual Studio Solution File, Format Version 12.00
Project("{FAE04EC0-301F-11D3-BF4B-00C04F79EFBC}") = "lab_13", "lab_13\lab_13.csproj", "{B230AF1A-7DA2-4669-9616-B4B2ECF3C964}"
EndProject
Global
	GlobalSection(SolutionConfigurationPlatforms) = preSolution
		Debug|Any CPU = Debug|Any CPU
		Release|Any CPU = Release|Any CPU
	EndGlobalSection
	GlobalSection(ProjectConfigurationPlatforms) = postSolution
		{B230AF1A-7DA2-4669-9616-B4B2ECF3C964}.Debug|Any CPU.ActiveCfg = Debug|Any CPU
		{B230AF1A-7DA2-4669-9616-B4B2ECF3C964}.Debug|Any CPU.Build.0 = Debug|Any CPU
		{B230AF1A-7DA2-4669-9616-B4B2ECF3C964}.Release|Any CPU.ActiveCfg = Release|Any CPU
		{B230AF1A-7DA2-4669-9616-B4B2ECF3C964}.Release|Any CPU.Build.0 = Release|Any CPU
	EndGlobalSection
EndGlobal
